
Microsoft Visual Studio Solution File, Format Version 12.00
# Visual Studio Version 17
VisualStudioVersion = 17.7.34202.233
MinimumVisualStudioVersion = 10.0.40219.1
Project("{9A19103F-16F7-4668-BE54-9A1E7A4F7556}") = "WebApplicationArch", "WebApplicationArch.csproj", "{B0E8E69F-4CBD-4807-A463-3BC7C350B3F2}"
EndProject
Project("{9A19103F-16F7-4668-BE54-9A1E7A4F7556}") = "MySQLConnector", "..\MySQLConnector\MySQLConnector.csproj", "{BF8D7E37-D1AA-4B8E-8586-369116DBE4DA}"
EndProject
Project("{9A19103F-16F7-4668-BE54-9A1E7A4F7556}") = "MySQLConnectorTest", "..\MySQLConnectorTest\MySQLConnectorTest.csproj", "{541A2A73-8056-41A4-BDE9-85C47CF4BFF8}"
EndProject
Project("{9A19103F-16F7-4668-BE54-9A1E7A4F7556}") = "WebApplicationArch.Tests", "..\WebApplicationArch.Tests\WebApplicationArch.Tests.csproj", "{E6A69F9D-FE0C-430D-8B13-300A6A5C3129}"
EndProject
Global
	GlobalSection(SolutionConfigurationPlatforms) = preSolution
		Debug|Any CPU = Debug|Any CPU
		Release|Any CPU = Release|Any CPU
	EndGlobalSection
	GlobalSection(ProjectConfigurationPlatforms) = postSolution
		{B0E8E69F-4CBD-4807-A463-3BC7C350B3F2}.Debug|Any CPU.ActiveCfg = Debug|Any CPU
		{B0E8E69F-4CBD-4807-A463-3BC7C350B3F2}.Debug|Any CPU.Build.0 = Debug|Any CPU
		{B0E8E69F-4CBD-4807-A463-3BC7C350B3F2}.Release|Any CPU.ActiveCfg = Release|Any CPU
		{B0E8E69F-4CBD-4807-A463-3BC7C350B3F2}.Release|Any CPU.Build.0 = Release|Any CPU
		{BF8D7E37-D1AA-4B8E-8586-369116DBE4DA}.Debug|Any CPU.ActiveCfg = Debug|Any CPU
		{BF8D7E37-D1AA-4B8E-8586-369116DBE4DA}.Debug|Any CPU.Build.0 = Debug|Any CPU
		{BF8D7E37-D1AA-4B8E-8586-369116DBE4DA}.Release|Any CPU.ActiveCfg = Release|Any CPU
		{BF8D7E37-D1AA-4B8E-8586-369116DBE4DA}.Release|Any CPU.Build.0 = Release|Any CPU
		{541A2A73-8056-41A4-BDE9-85C47CF4BFF8}.Debug|Any CPU.ActiveCfg = Debug|Any CPU
		{541A2A73-8056-41A4-BDE9-85C47CF4BFF8}.Debug|Any CPU.Build.0 = Debug|Any CPU
		{541A2A73-8056-41A4-BDE9-85C47CF4BFF8}.Release|Any CPU.ActiveCfg = Release|Any CPU
		{541A2A73-8056-41A4-BDE9-85C47CF4BFF8}.Release|Any CPU.Build.0 = Release|Any CPU
		{E6A69F9D-FE0C-430D-8B13-300A6A5C3129}.Debug|Any CPU.ActiveCfg = Debug|Any CPU
		{E6A69F9D-FE0C-430D-8B13-300A6A5C3129}.Debug|Any CPU.Build.0 = Debug|Any CPU
		{E6A69F9D-FE0C-430D-8B13-300A6A5C3129}.Release|Any CPU.ActiveCfg = Release|Any CPU
		{E6A69F9D-FE0C-430D-8B13-300A6A5C3129}.Release|Any CPU.Build.0 = Release|Any CPU
	EndGlobalSection
	GlobalSection(SolutionProperties) = preSolution
		HideSolutionNode = FALSE
	EndGlobalSection
	GlobalSection(ExtensibilityGlobals) = postSolution
		SolutionGuid = {448F5FE8-BBE6-4B9D-A65E-0AB2758F29F7}
	EndGlobalSection
EndGlobal
